
Microsoft Visual Studio Solution File, Format Version 12.00
# Visual Studio Version 17
VisualStudioVersion = 17.0.31903.59
MinimumVisualStudioVersion = 10.0.40219.1
Project("{FAE04EC0-301F-11D3-BF4B-00C04F79EFBC}") = "ApiAnimals", "ApiAnimals\ApiAnimals.csproj", "{11760667-FC77-4CBC-A06B-5D3DF506086A}"
EndProject
Project("{FAE04EC0-301F-11D3-BF4B-00C04F79EFBC}") = "Core", "Core\Core.csproj", "{850725E8-C316-48B4-8A11-510A75FB17B2}"
EndProject
Project("{FAE04EC0-301F-11D3-BF4B-00C04F79EFBC}") = "Infrastructure", "Infrastructure\Infrastructure.csproj", "{B811DCD9-5E73-4BD8-A809-9A3011ED624D}"
EndProject
Global
	GlobalSection(SolutionConfigurationPlatforms) = preSolution
		Debug|Any CPU = Debug|Any CPU
		Release|Any CPU = Release|Any CPU
	EndGlobalSection
	GlobalSection(SolutionProperties) = preSolution
		HideSolutionNode = FALSE
	EndGlobalSection
	GlobalSection(ProjectConfigurationPlatforms) = postSolution
		{11760667-FC77-4CBC-A06B-5D3DF506086A}.Debug|Any CPU.ActiveCfg = Debug|Any CPU
		{11760667-FC77-4CBC-A06B-5D3DF506086A}.Debug|Any CPU.Build.0 = Debug|Any CPU
		{11760667-FC77-4CBC-A06B-5D3DF506086A}.Release|Any CPU.ActiveCfg = Release|Any CPU
		{11760667-FC77-4CBC-A06B-5D3DF506086A}.Release|Any CPU.Build.0 = Release|Any CPU
		{850725E8-C316-48B4-8A11-510A75FB17B2}.Debug|Any CPU.ActiveCfg = Debug|Any CPU
		{850725E8-C316-48B4-8A11-510A75FB17B2}.Debug|Any CPU.Build.0 = Debug|Any CPU
		{850725E8-C316-48B4-8A11-510A75FB17B2}.Release|Any CPU.ActiveCfg = Release|Any CPU
		{850725E8-C316-48B4-8A11-510A75FB17B2}.Release|Any CPU.Build.0 = Release|Any CPU
		{B811DCD9-5E73-4BD8-A809-9A3011ED624D}.Debug|Any CPU.ActiveCfg = Debug|Any CPU
		{B811DCD9-5E73-4BD8-A809-9A3011ED624D}.Debug|Any CPU.Build.0 = Debug|Any CPU
		{B811DCD9-5E73-4BD8-A809-9A3011ED624D}.Release|Any CPU.ActiveCfg = Release|Any CPU
		{B811DCD9-5E73-4BD8-A809-9A3011ED624D}.Release|Any CPU.Build.0 = Release|Any CPU
	EndGlobalSection
EndGlobal
